
Microsoft Visual Studio Solution File, Format Version 12.00
# Visual Studio Version 17
VisualStudioVersion = 17.1.32328.378
MinimumVisualStudioVersion = 10.0.40219.1
Project("{FAE04EC0-301F-11D3-BF4B-00C04F79EFBC}") = "SetA1", "SetA1\SetA1.csproj", "{1E443E88-343E-4359-B445-2828299016E6}"
EndProject
Global
	GlobalSection(SolutionConfigurationPlatforms) = preSolution
		Debug|Any CPU = Debug|Any CPU
		Release|Any CPU = Release|Any CPU
	EndGlobalSection
	GlobalSection(ProjectConfigurationPlatforms) = postSolution
		{1E443E88-343E-4359-B445-2828299016E6}.Debug|Any CPU.ActiveCfg = Debug|Any CPU
		{1E443E88-343E-4359-B445-2828299016E6}.Debug|Any CPU.Build.0 = Debug|Any CPU
		{1E443E88-343E-4359-B445-2828299016E6}.Release|Any CPU.ActiveCfg = Release|Any CPU
		{1E443E88-343E-4359-B445-2828299016E6}.Release|Any CPU.Build.0 = Release|Any CPU
	EndGlobalSection
	GlobalSection(SolutionProperties) = preSolution
		HideSolutionNode = FALSE
	EndGlobalSection
	GlobalSection(ExtensibilityGlobals) = postSolution
		SolutionGuid = {A0FFC23E-C3E7-4F7B-B845-098B0C004136}
	EndGlobalSection
EndGlobal
